type: object
name: VideoBlock
label: Video
fields:
  - type: string
    name: videoUrl
    label: Video URL (.mp4)
  - type: image
    name: posterUrl
    label: Poster URL
  - type: boolean
    name: autoplay
    label: Autoplay
    default: false
  - type: boolean
    name: loop
    label: Loop
    default: false
  - type: boolean
    name: muted
    label: Muted
    default: false
  - type: boolean
    name: controls
    label: Controls
    default: false
  - type: string
    name: elementId