type: object
name: ImageBlock
label: Image
fields:
  - type: image
    name: url
    label: Image
    description: The URL of the image
  - type: string
    name: altText
    label: Alt text
    description: The alt text of the image
  - type: string
    name: caption
    label: Caption
    description: The caption of the image
  - type: number
    name: opacity
    label: Opacity
    description: The opacity of the image
    controlType: 'slider'
    min: 0
    max: 100
    step: 1
    unit: '%'
    default: 100
  - type: string
    name: elementId
    label: Element ID
    description: The unique ID for an HTML element, must not contain whitespace
    default: ''
